// !$*UTF8*$!
{
	archiveVersion = 1;
	classes = {
	};
	objectVersion = 55;
	objects = {

/* Begin PBXBuildFile section */
		4610D3BF283EB032006D689E /* CustomAlert.swift in Sources */ = {isa = PBXBuildFile; fileRef = 4610D3BE283EB032006D689E /* CustomAlert.swift */; };
		4610D3C2283EBE82006D689E /* Purchases.swift in Sources */ = {isa = PBXBuildFile; fileRef = 4610D3C1283EBE82006D689E /* Purchases.swift */; };
		4610D3C4283EC7F6006D689E /* Ads.swift in Sources */ = {isa = PBXBuildFile; fileRef = 4610D3C3283EC7F6006D689E /* Ads.swift */; };
		4610D3CA285803AB006D689E /* TextRecognizer.swift in Sources */ = {isa = PBXBuildFile; fileRef = 4610D3C9285803AB006D689E /* TextRecognizer.swift */; };
		461BE489289B3E740048BEF8 /* UDefaults+Utils.swift in Sources */ = {isa = PBXBuildFile; fileRef = 461BE488289B3E740048BEF8 /* UDefaults+Utils.swift */; };
		464826002831B86F00E56ED4 /* UIView+Utils.swift in Sources */ = {isa = PBXBuildFile; fileRef = 464825FF2831B86F00E56ED4 /* UIView+Utils.swift */; };
		464826022831E12600E56ED4 /* PreferredLetterButton.swift in Sources */ = {isa = PBXBuildFile; fileRef = 464826012831E12600E56ED4 /* PreferredLetterButton.swift */; };
		464826042832EEF400E56ED4 /* ResultViewController.swift in Sources */ = {isa = PBXBuildFile; fileRef = 464826032832EEF400E56ED4 /* ResultViewController.swift */; };
		464826062832EF0D00E56ED4 /* ResultViewModel.swift in Sources */ = {isa = PBXBuildFile; fileRef = 464826052832EF0D00E56ED4 /* ResultViewModel.swift */; };
		46482608283303FE00E56ED4 /* GeneSetView.swift in Sources */ = {isa = PBXBuildFile; fileRef = 46482607283303FE00E56ED4 /* GeneSetView.swift */; };
		4648260C28398E0A00E56ED4 /* CropPresentTableViewCell.swift in Sources */ = {isa = PBXBuildFile; fileRef = 4648260B28398E0A00E56ED4 /* CropPresentTableViewCell.swift */; };
		46482610283B398B00E56ED4 /* CircledDoubleGenView.swift in Sources */ = {isa = PBXBuildFile; fileRef = 4648260F283B398B00E56ED4 /* CircledDoubleGenView.swift */; };
		46482613283DA20B00E56ED4 /* StoreKit.framework in Frameworks */ = {isa = PBXBuildFile; fileRef = 46482612283DA20B00E56ED4 /* StoreKit.framework */; };
		4648261C283DED1D00E56ED4 /* PurchasesViewController.swift in Sources */ = {isa = PBXBuildFile; fileRef = 4648261B283DED1D00E56ED4 /* PurchasesViewController.swift */; };
		4648261E283DF00800E56ED4 /* PurchaseView.swift in Sources */ = {isa = PBXBuildFile; fileRef = 4648261D283DF00800E56ED4 /* PurchaseView.swift */; };
		46A94F412827419C0014F6BE /* AppDelegate.swift in Sources */ = {isa = PBXBuildFile; fileRef = 46A94F402827419C0014F6BE /* AppDelegate.swift */; };
		46A94F432827419C0014F6BE /* SceneDelegate.swift in Sources */ = {isa = PBXBuildFile; fileRef = 46A94F422827419C0014F6BE /* SceneDelegate.swift */; };
		46A94F452827419C0014F6BE /* MainViewController.swift in Sources */ = {isa = PBXBuildFile; fileRef = 46A94F442827419C0014F6BE /* MainViewController.swift */; };
		46A94F4A282741A00014F6BE /* Assets.xcassets in Resources */ = {isa = PBXBuildFile; fileRef = 46A94F49282741A00014F6BE /* Assets.xcassets */; };
		46A94F4D282741A00014F6BE /* LaunchScreen.storyboard in Resources */ = {isa = PBXBuildFile; fileRef = 46A94F4B282741A00014F6BE /* LaunchScreen.storyboard */; };
		46A94F5A282C2EA60014F6BE /* Array+Utils.swift in Sources */ = {isa = PBXBuildFile; fileRef = 46A94F59282C2EA60014F6BE /* Array+Utils.swift */; };
		46A94F5C282C2EE00014F6BE /* Crop.swift in Sources */ = {isa = PBXBuildFile; fileRef = 46A94F5B282C2EE00014F6BE /* Crop.swift */; };
		46A94F5E282C2F3D0014F6BE /* MainViewModel.swift in Sources */ = {isa = PBXBuildFile; fileRef = 46A94F5D282C2F3D0014F6BE /* MainViewModel.swift */; };
		46A94F61282C3EEC0014F6BE /* GenesTableViewCell.swift in Sources */ = {isa = PBXBuildFile; fileRef = 46A94F60282C3EEC0014F6BE /* GenesTableViewCell.swift */; };
		46A94F67282CA6150014F6BE /* UIButton+Utils.swift in Sources */ = {isa = PBXBuildFile; fileRef = 46A94F66282CA6150014F6BE /* UIButton+Utils.swift */; };
		46A94F6C282CAC540014F6BE /* Constants.swift in Sources */ = {isa = PBXBuildFile; fileRef = 46A94F6B282CAC540014F6BE /* Constants.swift */; };
		46A94F6E282D686F0014F6BE /* ChooseGenPopup.swift in Sources */ = {isa = PBXBuildFile; fileRef = 46A94F6D282D686E0014F6BE /* ChooseGenPopup.swift */; };
		46B3A94E283073A800DBB0AA /* PreferredPatternView.swift in Sources */ = {isa = PBXBuildFile; fileRef = 46B3A94D283073A800DBB0AA /* PreferredPatternView.swift */; };
		46B3A95028308A4E00DBB0AA /* CircledGenLetterView.swift in Sources */ = {isa = PBXBuildFile; fileRef = 46B3A94F28308A4E00DBB0AA /* CircledGenLetterView.swift */; };
		CE8D9345A796E84E8FB78E1B /* Pods_BestGen.framework in Frameworks */ = {isa = PBXBuildFile; fileRef = B4B656BAFDDE9EA5D5F9BE2B /* Pods_BestGen.framework */; };
/* End PBXBuildFile section */

/* Begin PBXFileReference section */
		4610D3BE283EB032006D689E /* CustomAlert.swift */ = {isa = PBXFileReference; lastKnownFileType = sourcecode.swift; path = CustomAlert.swift; sourceTree = "<group>"; };
		4610D3C1283EBE82006D689E /* Purchases.swift */ = {isa = PBXFileReference; lastKnownFileType = sourcecode.swift; path = Purchases.swift; sourceTree = "<group>"; };
		4610D3C3283EC7F6006D689E /* Ads.swift */ = {isa = PBXFileReference; lastKnownFileType = sourcecode.swift; path = Ads.swift; sourceTree = "<group>"; };
		4610D3C9285803AB006D689E /* TextRecognizer.swift */ = {isa = PBXFileReference; lastKnownFileType = sourcecode.swift; path = TextRecognizer.swift; sourceTree = "<group>"; };
		461BE488289B3E740048BEF8 /* UDefaults+Utils.swift */ = {isa = PBXFileReference; lastKnownFileType = sourcecode.swift; path = "UDefaults+Utils.swift"; sourceTree = "<group>"; };
		464825FF2831B86F00E56ED4 /* UIView+Utils.swift */ = {isa = PBXFileReference; lastKnownFileType = sourcecode.swift; path = "UIView+Utils.swift"; sourceTree = "<group>"; };
		464826012831E12600E56ED4 /* PreferredLetterButton.swift */ = {isa = PBXFileReference; lastKnownFileType = sourcecode.swift; path = PreferredLetterButton.swift; sourceTree = "<group>"; };
		464826032832EEF400E56ED4 /* ResultViewController.swift */ = {isa = PBXFileReference; lastKnownFileType = sourcecode.swift; path = ResultViewController.swift; sourceTree = "<group>"; };
		464826052832EF0D00E56ED4 /* ResultViewModel.swift */ = {isa = PBXFileReference; lastKnownFileType = sourcecode.swift; path = ResultViewModel.swift; sourceTree = "<group>"; };
		46482607283303FE00E56ED4 /* GeneSetView.swift */ = {isa = PBXFileReference; lastKnownFileType = sourcecode.swift; path = GeneSetView.swift; sourceTree = "<group>"; };
		4648260B28398E0A00E56ED4 /* CropPresentTableViewCell.swift */ = {isa = PBXFileReference; lastKnownFileType = sourcecode.swift; path = CropPresentTableViewCell.swift; sourceTree = "<group>"; };
		4648260F283B398B00E56ED4 /* CircledDoubleGenView.swift */ = {isa = PBXFileReference; lastKnownFileType = sourcecode.swift; path = CircledDoubleGenView.swift; sourceTree = "<group>"; };
		46482612283DA20B00E56ED4 /* StoreKit.framework */ = {isa = PBXFileReference; lastKnownFileType = wrapper.framework; name = StoreKit.framework; path = System/Library/Frameworks/StoreKit.framework; sourceTree = SDKROOT; };
		4648261A283DE76200E56ED4 /* StoreConfig.storekit */ = {isa = PBXFileReference; lastKnownFileType = text; path = StoreConfig.storekit; sourceTree = "<group>"; };
		4648261B283DED1D00E56ED4 /* PurchasesViewController.swift */ = {isa = PBXFileReference; lastKnownFileType = sourcecode.swift; path = PurchasesViewController.swift; sourceTree = "<group>"; };
		4648261D283DF00800E56ED4 /* PurchaseView.swift */ = {isa = PBXFileReference; lastKnownFileType = sourcecode.swift; path = PurchaseView.swift; sourceTree = "<group>"; };
		46A94F3D2827419C0014F6BE /* BestGen.app */ = {isa = PBXFileReference; explicitFileType = wrapper.application; includeInIndex = 0; path = BestGen.app; sourceTree = BUILT_PRODUCTS_DIR; };
		46A94F402827419C0014F6BE /* AppDelegate.swift */ = {isa = PBXFileReference; lastKnownFileType = sourcecode.swift; path = AppDelegate.swift; sourceTree = "<group>"; };
		46A94F422827419C0014F6BE /* SceneDelegate.swift */ = {isa = PBXFileReference; lastKnownFileType = sourcecode.swift; path = SceneDelegate.swift; sourceTree = "<group>"; };
		46A94F442827419C0014F6BE /* MainViewController.swift */ = {isa = PBXFileReference; lastKnownFileType = sourcecode.swift; path = MainViewController.swift; sourceTree = "<group>"; };
		46A94F49282741A00014F6BE /* Assets.xcassets */ = {isa = PBXFileReference; lastKnownFileType = folder.assetcatalog; path = Assets.xcassets; sourceTree = "<group>"; };
		46A94F4C282741A00014F6BE /* Base */ = {isa = PBXFileReference; lastKnownFileType = file.storyboard; name = Base; path = Base.lproj/LaunchScreen.storyboard; sourceTree = "<group>"; };
		46A94F4E282741A00014F6BE /* Info.plist */ = {isa = PBXFileReference; lastKnownFileType = text.plist.xml; path = Info.plist; sourceTree = "<group>"; };
		46A94F59282C2EA60014F6BE /* Array+Utils.swift */ = {isa = PBXFileReference; lastKnownFileType = sourcecode.swift; path = "Array+Utils.swift"; sourceTree = "<group>"; };
		46A94F5B282C2EE00014F6BE /* Crop.swift */ = {isa = PBXFileReference; lastKnownFileType = sourcecode.swift; path = Crop.swift; sourceTree = "<group>"; };
		46A94F5D282C2F3D0014F6BE /* MainViewModel.swift */ = {isa = PBXFileReference; lastKnownFileType = sourcecode.swift; path = MainViewModel.swift; sourceTree = "<group>"; };
		46A94F60282C3EEC0014F6BE /* GenesTableViewCell.swift */ = {isa = PBXFileReference; lastKnownFileType = sourcecode.swift; path = GenesTableViewCell.swift; sourceTree = "<group>"; };
		46A94F66282CA6150014F6BE /* UIButton+Utils.swift */ = {isa = PBXFileReference; lastKnownFileType = sourcecode.swift; path = "UIButton+Utils.swift"; sourceTree = "<group>"; };
		46A94F6B282CAC540014F6BE /* Constants.swift */ = {isa = PBXFileReference; lastKnownFileType = sourcecode.swift; path = Constants.swift; sourceTree = "<group>"; };
		46A94F6D282D686E0014F6BE /* ChooseGenPopup.swift */ = {isa = PBXFileReference; lastKnownFileType = sourcecode.swift; path = ChooseGenPopup.swift; sourceTree = "<group>"; };
		46B3A94D283073A800DBB0AA /* PreferredPatternView.swift */ = {isa = PBXFileReference; lastKnownFileType = sourcecode.swift; path = PreferredPatternView.swift; sourceTree = "<group>"; };
		46B3A94F28308A4E00DBB0AA /* CircledGenLetterView.swift */ = {isa = PBXFileReference; lastKnownFileType = sourcecode.swift; path = CircledGenLetterView.swift; sourceTree = "<group>"; };
		4AB99C65AC4D1DA4BE5F3C20 /* Pods-BestGen.debug.xcconfig */ = {isa = PBXFileReference; includeInIndex = 1; lastKnownFileType = text.xcconfig; name = "Pods-BestGen.debug.xcconfig"; path = "Target Support Files/Pods-BestGen/Pods-BestGen.debug.xcconfig"; sourceTree = "<group>"; };
		6D327DF4F771A1F15BFDBE10 /* Pods-BestGen.release.xcconfig */ = {isa = PBXFileReference; includeInIndex = 1; lastKnownFileType = text.xcconfig; name = "Pods-BestGen.release.xcconfig"; path = "Target Support Files/Pods-BestGen/Pods-BestGen.release.xcconfig"; sourceTree = "<group>"; };
		B4B656BAFDDE9EA5D5F9BE2B /* Pods_BestGen.framework */ = {isa = PBXFileReference; explicitFileType = wrapper.framework; includeInIndex = 0; path = Pods_BestGen.framework; sourceTree = BUILT_PRODUCTS_DIR; };
/* End PBXFileReference section */

/* Begin PBXFrameworksBuildPhase section */
		46A94F3A2827419C0014F6BE /* Frameworks */ = {
			isa = PBXFrameworksBuildPhase;
			buildActionMask = 2147483647;
			files = (
				46482613283DA20B00E56ED4 /* StoreKit.framework in Frameworks */,
				CE8D9345A796E84E8FB78E1B /* Pods_BestGen.framework in Frameworks */,
			);
			runOnlyForDeploymentPostprocessing = 0;
		};
/* End PBXFrameworksBuildPhase section */

/* Begin PBXGroup section */
		1B380206BFD63C948BA342FE /* Pods */ = {
			isa = PBXGroup;
			children = (
				4AB99C65AC4D1DA4BE5F3C20 /* Pods-BestGen.debug.xcconfig */,
				6D327DF4F771A1F15BFDBE10 /* Pods-BestGen.release.xcconfig */,
			);
			path = Pods;
			sourceTree = "<group>";
		};
		4610D3C0283EBE63006D689E /* CustomClasses */ = {
			isa = PBXGroup;
			children = (
				4610D3BE283EB032006D689E /* CustomAlert.swift */,
				4610D3C1283EBE82006D689E /* Purchases.swift */,
				4610D3C3283EC7F6006D689E /* Ads.swift */,
				4610D3C9285803AB006D689E /* TextRecognizer.swift */,
			);
			path = CustomClasses;
			sourceTree = "<group>";
		};
		46482611283DA20B00E56ED4 /* Frameworks */ = {
			isa = PBXGroup;
			children = (
				46482612283DA20B00E56ED4 /* StoreKit.framework */,
				B4B656BAFDDE9EA5D5F9BE2B /* Pods_BestGen.framework */,
			);
			name = Frameworks;
			sourceTree = "<group>";
		};
		46A94F342827419C0014F6BE = {
			isa = PBXGroup;
			children = (
				46A94F3F2827419C0014F6BE /* BestGen */,
				46A94F3E2827419C0014F6BE /* Products */,
				46482611283DA20B00E56ED4 /* Frameworks */,
				1B380206BFD63C948BA342FE /* Pods */,
			);
			sourceTree = "<group>";
		};
		46A94F3E2827419C0014F6BE /* Products */ = {
			isa = PBXGroup;
			children = (
				46A94F3D2827419C0014F6BE /* BestGen.app */,
			);
			name = Products;
			sourceTree = "<group>";
		};
		46A94F3F2827419C0014F6BE /* BestGen */ = {
			isa = PBXGroup;
			children = (
				46A94F57282C2E130014F6BE /* SupportingFiles */,
				46A94F56282C2E0D0014F6BE /* View */,
				46A94F55282C2E060014F6BE /* ViewModel */,
				46A94F54282C2DFF0014F6BE /* Model */,
			);
			path = BestGen;
			sourceTree = "<group>";
		};
		46A94F54282C2DFF0014F6BE /* Model */ = {
			isa = PBXGroup;
			children = (
				46A94F5B282C2EE00014F6BE /* Crop.swift */,
			);
			path = Model;
			sourceTree = "<group>";
		};
		46A94F55282C2E060014F6BE /* ViewModel */ = {
			isa = PBXGroup;
			children = (
				46A94F5D282C2F3D0014F6BE /* MainViewModel.swift */,
				464826052832EF0D00E56ED4 /* ResultViewModel.swift */,
			);
			path = ViewModel;
			sourceTree = "<group>";
		};
		46A94F56282C2E0D0014F6BE /* View */ = {
			isa = PBXGroup;
			children = (
				46B3A94A2830679100DBB0AA /* CustomizedViews */,
				46A94F5F282C3EB60014F6BE /* ViewCell */,
				46A94F58282C2E5F0014F6BE /* ViewControllers */,
			);
			path = View;
			sourceTree = "<group>";
		};
		46A94F57282C2E130014F6BE /* SupportingFiles */ = {
			isa = PBXGroup;
			children = (
				4610D3C0283EBE63006D689E /* CustomClasses */,
				46A94F6A282CAC420014F6BE /* Constants */,
				46A94F69282CABCB0014F6BE /* Extensions */,
				46A94F68282CABA80014F6BE /* System */,
				4648261A283DE76200E56ED4 /* StoreConfig.storekit */,
			);
			path = SupportingFiles;
			sourceTree = "<group>";
		};
		46A94F58282C2E5F0014F6BE /* ViewControllers */ = {
			isa = PBXGroup;
			children = (
				46A94F442827419C0014F6BE /* MainViewController.swift */,
				464826032832EEF400E56ED4 /* ResultViewController.swift */,
				4648261B283DED1D00E56ED4 /* PurchasesViewController.swift */,
			);
			path = ViewControllers;
			sourceTree = "<group>";
		};
		46A94F5F282C3EB60014F6BE /* ViewCell */ = {
			isa = PBXGroup;
			children = (
				46A94F60282C3EEC0014F6BE /* GenesTableViewCell.swift */,
				46A94F6D282D686E0014F6BE /* ChooseGenPopup.swift */,
				4648260B28398E0A00E56ED4 /* CropPresentTableViewCell.swift */,
			);
			path = ViewCell;
			sourceTree = "<group>";
		};
		46A94F68282CABA80014F6BE /* System */ = {
			isa = PBXGroup;
			children = (
				46A94F402827419C0014F6BE /* AppDelegate.swift */,
				46A94F422827419C0014F6BE /* SceneDelegate.swift */,
				46A94F49282741A00014F6BE /* Assets.xcassets */,
				46A94F4B282741A00014F6BE /* LaunchScreen.storyboard */,
				46A94F4E282741A00014F6BE /* Info.plist */,
			);
			path = System;
			sourceTree = "<group>";
		};
		46A94F69282CABCB0014F6BE /* Extensions */ = {
			isa = PBXGroup;
			children = (
				46A94F59282C2EA60014F6BE /* Array+Utils.swift */,
				461BE488289B3E740048BEF8 /* UDefaults+Utils.swift */,
				46A94F66282CA6150014F6BE /* UIButton+Utils.swift */,
				464825FF2831B86F00E56ED4 /* UIView+Utils.swift */,
			);
			path = Extensions;
			sourceTree = "<group>";
		};
		46A94F6A282CAC420014F6BE /* Constants */ = {
			isa = PBXGroup;
			children = (
				46A94F6B282CAC540014F6BE /* Constants.swift */,
			);
			path = Constants;
			sourceTree = "<group>";
		};
		46B3A94A2830679100DBB0AA /* CustomizedViews */ = {
			isa = PBXGroup;
			children = (
				46B3A94D283073A800DBB0AA /* PreferredPatternView.swift */,
				46B3A94F28308A4E00DBB0AA /* CircledGenLetterView.swift */,
				464826012831E12600E56ED4 /* PreferredLetterButton.swift */,
				46482607283303FE00E56ED4 /* GeneSetView.swift */,
				4648260F283B398B00E56ED4 /* CircledDoubleGenView.swift */,
				4648261D283DF00800E56ED4 /* PurchaseView.swift */,
			);
			path = CustomizedViews;
			sourceTree = "<group>";
		};
/* End PBXGroup section */

/* Begin PBXNativeTarget section */
		46A94F3C2827419C0014F6BE /* BestGen */ = {
			isa = PBXNativeTarget;
			buildConfigurationList = 46A94F51282741A00014F6BE /* Build configuration list for PBXNativeTarget "BestGen" */;
			buildPhases = (
				1326BAA3B2B0A33B2F5C7A8B /* [CP] Check Pods Manifest.lock */,
				46A94F392827419C0014F6BE /* Sources */,
				46A94F3A2827419C0014F6BE /* Frameworks */,
				46A94F3B2827419C0014F6BE /* Resources */,
				727D01D51C459A0F75B1361A /* [CP] Embed Pods Frameworks */,
			);
			buildRules = (
			);
			dependencies = (
			);
			name = BestGen;
			packageProductDependencies = (
			);
			productName = BestGen;
			productReference = 46A94F3D2827419C0014F6BE /* BestGen.app */;
			productType = "com.apple.product-type.application";
		};
/* End PBXNativeTarget section */

/* Begin PBXProject section */
		46A94F352827419C0014F6BE /* Project object */ = {
			isa = PBXProject;
			attributes = {
				BuildIndependentTargetsInParallel = 1;
				LastSwiftUpdateCheck = 1330;
				LastUpgradeCheck = 1330;
				TargetAttributes = {
					46A94F3C2827419C0014F6BE = {
						CreatedOnToolsVersion = 13.3;
					};
				};
			};
			buildConfigurationList = 46A94F382827419C0014F6BE /* Build configuration list for PBXProject "BestGen" */;
			compatibilityVersion = "Xcode 13.0";
			developmentRegion = en;
			hasScannedForEncodings = 0;
			knownRegions = (
				en,
				Base,
			);
			mainGroup = 46A94F342827419C0014F6BE;
			packageReferences = (
			);
			productRefGroup = 46A94F3E2827419C0014F6BE /* Products */;
			projectDirPath = "";
			projectRoot = "";
			targets = (
				46A94F3C2827419C0014F6BE /* BestGen */,
			);
		};
/* End PBXProject section */

/* Begin PBXResourcesBuildPhase section */
		46A94F3B2827419C0014F6BE /* Resources */ = {
			isa = PBXResourcesBuildPhase;
			buildActionMask = 2147483647;
			files = (
				46A94F4D282741A00014F6BE /* LaunchScreen.storyboard in Resources */,
				46A94F4A282741A00014F6BE /* Assets.xcassets in Resources */,
			);
			runOnlyForDeploymentPostprocessing = 0;
		};
/* End PBXResourcesBuildPhase section */

/* Begin PBXShellScriptBuildPhase section */
		1326BAA3B2B0A33B2F5C7A8B /* [CP] Check Pods Manifest.lock */ = {
			isa = PBXShellScriptBuildPhase;
			buildActionMask = 2147483647;
			files = (
			);
			inputFileListPaths = (
			);
			inputPaths = (
				"${PODS_PODFILE_DIR_PATH}/Podfile.lock",
				"${PODS_ROOT}/Manifest.lock",
			);
			name = "[CP] Check Pods Manifest.lock";
			outputFileListPaths = (
			);
			outputPaths = (
				"$(DERIVED_FILE_DIR)/Pods-BestGen-checkManifestLockResult.txt",
			);
			runOnlyForDeploymentPostprocessing = 0;
			shellPath = /bin/sh;
			shellScript = "diff \"${PODS_PODFILE_DIR_PATH}/Podfile.lock\" \"${PODS_ROOT}/Manifest.lock\" > /dev/null\nif [ $? != 0 ] ; then\n    # print error to STDERR\n    echo \"error: The sandbox is not in sync with the Podfile.lock. Run 'pod install' or update your CocoaPods installation.\" >&2\n    exit 1\nfi\n# This output is used by Xcode 'outputs' to avoid re-running this script phase.\necho \"SUCCESS\" > \"${SCRIPT_OUTPUT_FILE_0}\"\n";
			showEnvVarsInLog = 0;
		};
		727D01D51C459A0F75B1361A /* [CP] Embed Pods Frameworks */ = {
			isa = PBXShellScriptBuildPhase;
			buildActionMask = 2147483647;
			files = (
			);
			inputFileListPaths = (
				"${PODS_ROOT}/Target Support Files/Pods-BestGen/Pods-BestGen-frameworks-${CONFIGURATION}-input-files.xcfilelist",
			);
			name = "[CP] Embed Pods Frameworks";
			outputFileListPaths = (
				"${PODS_ROOT}/Target Support Files/Pods-BestGen/Pods-BestGen-frameworks-${CONFIGURATION}-output-files.xcfilelist",
			);
			runOnlyForDeploymentPostprocessing = 0;
			shellPath = /bin/sh;
			shellScript = "\"${PODS_ROOT}/Target Support Files/Pods-BestGen/Pods-BestGen-frameworks.sh\"\n";
			showEnvVarsInLog = 0;
		};
/* End PBXShellScriptBuildPhase section */

/* Begin PBXSourcesBuildPhase section */
		46A94F392827419C0014F6BE /* Sources */ = {
			isa = PBXSourcesBuildPhase;
			buildActionMask = 2147483647;
			files = (
				4648261E283DF00800E56ED4 /* PurchaseView.swift in Sources */,
				461BE489289B3E740048BEF8 /* UDefaults+Utils.swift in Sources */,
				46482610283B398B00E56ED4 /* CircledDoubleGenView.swift in Sources */,
				4610D3CA285803AB006D689E /* TextRecognizer.swift in Sources */,
				46A94F6E282D686F0014F6BE /* ChooseGenPopup.swift in Sources */,
				46A94F5A282C2EA60014F6BE /* Array+Utils.swift in Sources */,
				46B3A94E283073A800DBB0AA /* PreferredPatternView.swift in Sources */,
				46A94F452827419C0014F6BE /* MainViewController.swift in Sources */,
				46A94F5C282C2EE00014F6BE /* Crop.swift in Sources */,
				464826042832EEF400E56ED4 /* ResultViewController.swift in Sources */,
				46A94F61282C3EEC0014F6BE /* GenesTableViewCell.swift in Sources */,
				46A94F412827419C0014F6BE /* AppDelegate.swift in Sources */,
				464826022831E12600E56ED4 /* PreferredLetterButton.swift in Sources */,
				4610D3BF283EB032006D689E /* CustomAlert.swift in Sources */,
				4610D3C4283EC7F6006D689E /* Ads.swift in Sources */,
				46A94F432827419C0014F6BE /* SceneDelegate.swift in Sources */,
				464826002831B86F00E56ED4 /* UIView+Utils.swift in Sources */,
				46482608283303FE00E56ED4 /* GeneSetView.swift in Sources */,
				464826062832EF0D00E56ED4 /* ResultViewModel.swift in Sources */,
				46B3A95028308A4E00DBB0AA /* CircledGenLetterView.swift in Sources */,
				46A94F5E282C2F3D0014F6BE /* MainViewModel.swift in Sources */,
				46A94F67282CA6150014F6BE /* UIButton+Utils.swift in Sources */,
				4610D3C2283EBE82006D689E /* Purchases.swift in Sources */,
				4648261C283DED1D00E56ED4 /* PurchasesViewController.swift in Sources */,
				4648260C28398E0A00E56ED4 /* CropPresentTableViewCell.swift in Sources */,
				46A94F6C282CAC540014F6BE /* Constants.swift in Sources */,
			);
			runOnlyForDeploymentPostprocessing = 0;
		};
/* End PBXSourcesBuildPhase section */

/* Begin PBXVariantGroup section */
		46A94F4B282741A00014F6BE /* LaunchScreen.storyboard */ = {
			isa = PBXVariantGroup;
			children = (
				46A94F4C282741A00014F6BE /* Base */,
			);
			name = LaunchScreen.storyboard;
			sourceTree = "<group>";
		};
/* End PBXVariantGroup section */

/* Begin XCBuildConfiguration section */
		46A94F4F282741A00014F6BE /* Debug */ = {
			isa = XCBuildConfiguration;
			buildSettings = {
				ALWAYS_SEARCH_USER_PATHS = NO;
				CLANG_ANALYZER_NONNULL = YES;
				CLANG_ANALYZER_NUMBER_OBJECT_CONVERSION = YES_AGGRESSIVE;
				CLANG_CXX_LANGUAGE_STANDARD = "gnu++17";
				CLANG_ENABLE_MODULES = YES;
				CLANG_ENABLE_OBJC_ARC = YES;
				CLANG_ENABLE_OBJC_WEAK = YES;
				CLANG_WARN_BLOCK_CAPTURE_AUTORELEASING = YES;
				CLANG_WARN_BOOL_CONVERSION = YES;
				CLANG_WARN_COMMA = YES;
				CLANG_WARN_CONSTANT_CONVERSION = YES;
				CLANG_WARN_DEPRECATED_OBJC_IMPLEMENTATIONS = YES;
				CLANG_WARN_DIRECT_OBJC_ISA_USAGE = YES_ERROR;
				CLANG_WARN_DOCUMENTATION_COMMENTS = YES;
				CLANG_WARN_EMPTY_BODY = YES;
				CLANG_WARN_ENUM_CONVERSION = YES;
				CLANG_WARN_INFINITE_RECURSION = YES;
				CLANG_WARN_INT_CONVERSION = YES;
				CLANG_WARN_NON_LITERAL_NULL_CONVERSION = YES;
				CLANG_WARN_OBJC_IMPLICIT_RETAIN_SELF = YES;
				CLANG_WARN_OBJC_LITERAL_CONVERSION = YES;
				CLANG_WARN_OBJC_ROOT_CLASS = YES_ERROR;
				CLANG_WARN_QUOTED_INCLUDE_IN_FRAMEWORK_HEADER = YES;
				CLANG_WARN_RANGE_LOOP_ANALYSIS = YES;
				CLANG_WARN_STRICT_PROTOTYPES = YES;
				CLANG_WARN_SUSPICIOUS_MOVE = YES;
				CLANG_WARN_UNGUARDED_AVAILABILITY = YES_AGGRESSIVE;
				CLANG_WARN_UNREACHABLE_CODE = YES;
				CLANG_WARN__DUPLICATE_METHOD_MATCH = YES;
				COPY_PHASE_STRIP = NO;
				DEBUG_INFORMATION_FORMAT = dwarf;
				ENABLE_STRICT_OBJC_MSGSEND = YES;
				ENABLE_TESTABILITY = YES;
				GCC_C_LANGUAGE_STANDARD = gnu11;
				GCC_DYNAMIC_NO_PIC = NO;
				GCC_NO_COMMON_BLOCKS = YES;
				GCC_OPTIMIZATION_LEVEL = 0;
				GCC_PREPROCESSOR_DEFINITIONS = (
					"DEBUG=1",
					"$(inherited)",
				);
				GCC_WARN_64_TO_32_BIT_CONVERSION = YES;
				GCC_WARN_ABOUT_RETURN_TYPE = YES_ERROR;
				GCC_WARN_UNDECLARED_SELECTOR = YES;
				GCC_WARN_UNINITIALIZED_AUTOS = YES_AGGRESSIVE;
				GCC_WARN_UNUSED_FUNCTION = YES;
				GCC_WARN_UNUSED_VARIABLE = YES;
				IPHONEOS_DEPLOYMENT_TARGET = 15.0;
				MTL_ENABLE_DEBUG_INFO = INCLUDE_SOURCE;
				MTL_FAST_MATH = YES;
				ONLY_ACTIVE_ARCH = YES;
				SDKROOT = iphoneos;
				SWIFT_ACTIVE_COMPILATION_CONDITIONS = DEBUG;
				SWIFT_OPTIMIZATION_LEVEL = "-Onone";
			};
			name = Debug;
		};
		46A94F50282741A00014F6BE /* Release */ = {
			isa = XCBuildConfiguration;
			buildSettings = {
				ALWAYS_SEARCH_USER_PATHS = NO;
				CLANG_ANALYZER_NONNULL = YES;
				CLANG_ANALYZER_NUMBER_OBJECT_CONVERSION = YES_AGGRESSIVE;
				CLANG_CXX_LANGUAGE_STANDARD = "gnu++17";
				CLANG_ENABLE_MODULES = YES;
				CLANG_ENABLE_OBJC_ARC = YES;
				CLANG_ENABLE_OBJC_WEAK = YES;
				CLANG_WARN_BLOCK_CAPTURE_AUTORELEASING = YES;
				CLANG_WARN_BOOL_CONVERSION = YES;
				CLANG_WARN_COMMA = YES;
				CLANG_WARN_CONSTANT_CONVERSION = YES;
				CLANG_WARN_DEPRECATED_OBJC_IMPLEMENTATIONS = YES;
				CLANG_WARN_DIRECT_OBJC_ISA_USAGE = YES_ERROR;
				CLANG_WARN_DOCUMENTATION_COMMENTS = YES;
				CLANG_WARN_EMPTY_BODY = YES;
				CLANG_WARN_ENUM_CONVERSION = YES;
				CLANG_WARN_INFINITE_RECURSION = YES;
				CLANG_WARN_INT_CONVERSION = YES;
				CLANG_WARN_NON_LITERAL_NULL_CONVERSION = YES;
				CLANG_WARN_OBJC_IMPLICIT_RETAIN_SELF = YES;
				CLANG_WARN_OBJC_LITERAL_CONVERSION = YES;
				CLANG_WARN_OBJC_ROOT_CLASS = YES_ERROR;
				CLANG_WARN_QUOTED_INCLUDE_IN_FRAMEWORK_HEADER = YES;
				CLANG_WARN_RANGE_LOOP_ANALYSIS = YES;
				CLANG_WARN_STRICT_PROTOTYPES = YES;
				CLANG_WARN_SUSPICIOUS_MOVE = YES;
				CLANG_WARN_UNGUARDED_AVAILABILITY = YES_AGGRESSIVE;
				CLANG_WARN_UNREACHABLE_CODE = YES;
				CLANG_WARN__DUPLICATE_METHOD_MATCH = YES;
				COPY_PHASE_STRIP = NO;
				DEBUG_INFORMATION_FORMAT = "dwarf-with-dsym";
				ENABLE_NS_ASSERTIONS = NO;
				ENABLE_STRICT_OBJC_MSGSEND = YES;
				GCC_C_LANGUAGE_STANDARD = gnu11;
				GCC_NO_COMMON_BLOCKS = YES;
				GCC_WARN_64_TO_32_BIT_CONVERSION = YES;
				GCC_WARN_ABOUT_RETURN_TYPE = YES_ERROR;
				GCC_WARN_UNDECLARED_SELECTOR = YES;
				GCC_WARN_UNINITIALIZED_AUTOS = YES_AGGRESSIVE;
				GCC_WARN_UNUSED_FUNCTION = YES;
				GCC_WARN_UNUSED_VARIABLE = YES;
				IPHONEOS_DEPLOYMENT_TARGET = 15.0;
				MTL_ENABLE_DEBUG_INFO = NO;
				MTL_FAST_MATH = YES;
				SDKROOT = iphoneos;
				SWIFT_COMPILATION_MODE = wholemodule;
				SWIFT_OPTIMIZATION_LEVEL = "-O";
				VALIDATE_PRODUCT = YES;
			};
			name = Release;
		};
		46A94F52282741A00014F6BE /* Debug */ = {
			isa = XCBuildConfiguration;
			baseConfigurationReference = 4AB99C65AC4D1DA4BE5F3C20 /* Pods-BestGen.debug.xcconfig */;
			buildSettings = {
				ASSETCATALOG_COMPILER_APPICON_NAME = AppIcon;
				ASSETCATALOG_COMPILER_GLOBAL_ACCENT_COLOR_NAME = AccentColor;
				CODE_SIGN_STYLE = Automatic;
				CURRENT_PROJECT_VERSION = 1;
				DEVELOPMENT_TEAM = 3F2Q7FQ47R;
				GENERATE_INFOPLIST_FILE = YES;
				INFOPLIST_FILE = BestGen/SupportingFiles/System/Info.plist;
				INFOPLIST_KEY_NSCameraUsageDescription = "Use camera to scan genes from your screen.";
				INFOPLIST_KEY_UIApplicationSupportsIndirectInputEvents = YES;
				INFOPLIST_KEY_UILaunchStoryboardName = LaunchScreen;
				INFOPLIST_KEY_UIStatusBarHidden = NO;
				INFOPLIST_KEY_UISupportedInterfaceOrientations = UIInterfaceOrientationPortrait;
				INFOPLIST_KEY_UISupportedInterfaceOrientations_iPad = "UIInterfaceOrientationPortrait UIInterfaceOrientationPortraitUpsideDown UIInterfaceOrientationLandscapeLeft UIInterfaceOrientationLandscapeRight";
				INFOPLIST_KEY_UISupportedInterfaceOrientations_iPhone = "UIInterfaceOrientationPortrait UIInterfaceOrientationLandscapeLeft UIInterfaceOrientationLandscapeRight";
				LD_RUNPATH_SEARCH_PATHS = (
					"$(inherited)",
					"@executable_path/Frameworks",
				);
				MARKETING_VERSION = 1.2;
				PRODUCT_BUNDLE_IDENTIFIER = com.tiv.c.BestGen;
				PRODUCT_NAME = "$(TARGET_NAME)";
				SWIFT_EMIT_LOC_STRINGS = YES;
				SWIFT_VERSION = 5.0;
				TARGETED_DEVICE_FAMILY = "1,2";
			};
			name = Debug;
		};
		46A94F53282741A00014F6BE /* Release */ = {
			isa = XCBuildConfiguration;
			baseConfigurationReference = 6D327DF4F771A1F15BFDBE10 /* Pods-BestGen.release.xcconfig */;
			buildSettings = {
				ASSETCATALOG_COMPILER_APPICON_NAME = AppIcon;
				ASSETCATALOG_COMPILER_GLOBAL_ACCENT_COLOR_NAME = AccentColor;
				CODE_SIGN_STYLE = Automatic;
				CURRENT_PROJECT_VERSION = 1;
				DEVELOPMENT_TEAM = 3F2Q7FQ47R;
				GENERATE_INFOPLIST_FILE = YES;
				INFOPLIST_FILE = BestGen/SupportingFiles/System/Info.plist;
				INFOPLIST_KEY_NSCameraUsageDescription = "Use camera to scan genes from your screen.";
				INFOPLIST_KEY_UIApplicationSupportsIndirectInputEvents = YES;
				INFOPLIST_KEY_UILaunchStoryboardName = LaunchScreen;
				INFOPLIST_KEY_UIStatusBarHidden = NO;
				INFOPLIST_KEY_UISupportedInterfaceOrientations = UIInterfaceOrientationPortrait;
				INFOPLIST_KEY_UISupportedInterfaceOrientations_iPad = "UIInterfaceOrientationPortrait UIInterfaceOrientationPortraitUpsideDown UIInterfaceOrientationLandscapeLeft UIInterfaceOrientationLandscapeRight";
				INFOPLIST_KEY_UISupportedInterfaceOrientations_iPhone = "UIInterfaceOrientationPortrait UIInterfaceOrientationLandscapeLeft UIInterfaceOrientationLandscapeRight";
				LD_RUNPATH_SEARCH_PATHS = (
					"$(inherited)",
					"@executable_path/Frameworks",
				);
				MARKETING_VERSION = 1.2;
				PRODUCT_BUNDLE_IDENTIFIER = com.tiv.c.BestGen;
				PRODUCT_NAME = "$(TARGET_NAME)";
				SWIFT_EMIT_LOC_STRINGS = YES;
				SWIFT_VERSION = 5.0;
				TARGETED_DEVICE_FAMILY = "1,2";
			};
			name = Release;
		};
/* End XCBuildConfiguration section */

/* Begin XCConfigurationList section */
		46A94F382827419C0014F6BE /* Build configuration list for PBXProject "BestGen" */ = {
			isa = XCConfigurationList;
			buildConfigurations = (
				46A94F4F282741A00014F6BE /* Debug */,
				46A94F50282741A00014F6BE /* Release */,
			);
			defaultConfigurationIsVisible = 0;
			defaultConfigurationName = Release;
		};
		46A94F51282741A00014F6BE /* Build configuration list for PBXNativeTarget "BestGen" */ = {
			isa = XCConfigurationList;
			buildConfigurations = (
				46A94F52282741A00014F6BE /* Debug */,
				46A94F53282741A00014F6BE /* Release */,
			);
			defaultConfigurationIsVisible = 0;
			defaultConfigurationName = Release;
		};
/* End XCConfigurationList section */
	};
	rootObject = 46A94F352827419C0014F6BE /* Project object */;
}
